
Microsoft Visual Studio Solution File, Format Version 12.00
# Visual Studio Version 16
VisualStudioVersion = 16.0.31624.102
MinimumVisualStudioVersion = 10.0.40219.1
Project("{FAE04EC0-301F-11D3-BF4B-00C04F79EFBC}") = "PhotoLibraryUWP", "PhotoLibraryUWP\PhotoLibraryUWP.csproj", "{AA791A5F-CA9E-4EEF-9F68-127BFFFF61CC}"
EndProject
Global
	GlobalSection(SolutionConfigurationPlatforms) = preSolution
		Debug|ARM = Debug|ARM
		Debug|ARM64 = Debug|ARM64
		Debug|x64 = Debug|x64
		Debug|x86 = Debug|x86
		Release|ARM = Release|ARM
		Release|ARM64 = Release|ARM64
		Release|x64 = Release|x64
		Release|x86 = Release|x86
	EndGlobalSection
	GlobalSection(ProjectConfigurationPlatforms) = postSolution
		{AA791A5F-CA9E-4EEF-9F68-127BFFFF61CC}.Debug|ARM.ActiveCfg = Debug|x64
		{AA791A5F-CA9E-4EEF-9F68-127BFFFF61CC}.Debug|ARM.Build.0 = Debug|x64
		{AA791A5F-CA9E-4EEF-9F68-127BFFFF61CC}.Debug|ARM.Deploy.0 = Debug|x64
		{AA791A5F-CA9E-4EEF-9F68-127BFFFF61CC}.Debug|ARM64.ActiveCfg = Debug|ARM64
		{AA791A5F-CA9E-4EEF-9F68-127BFFFF61CC}.Debug|ARM64.Build.0 = Debug|ARM64
		{AA791A5F-CA9E-4EEF-9F68-127BFFFF61CC}.Debug|ARM64.Deploy.0 = Debug|ARM64
		{AA791A5F-CA9E-4EEF-9F68-127BFFFF61CC}.Debug|x64.ActiveCfg = Debug|x64
		{AA791A5F-CA9E-4EEF-9F68-127BFFFF61CC}.Debug|x64.Build.0 = Debug|x64
		{AA791A5F-CA9E-4EEF-9F68-127BFFFF61CC}.Debug|x64.Deploy.0 = Debug|x64
		{AA791A5F-CA9E-4EEF-9F68-127BFFFF61CC}.Debug|x86.ActiveCfg = Debug|x86
		{AA791A5F-CA9E-4EEF-9F68-127BFFFF61CC}.Debug|x86.Build.0 = Debug|x86
		{AA791A5F-CA9E-4EEF-9F68-127BFFFF61CC}.Debug|x86.Deploy.0 = Debug|x86
		{AA791A5F-CA9E-4EEF-9F68-127BFFFF61CC}.Release|ARM.ActiveCfg = Release|ARM
		{AA791A5F-CA9E-4EEF-9F68-127BFFFF61CC}.Release|ARM.Build.0 = Release|ARM
		{AA791A5F-CA9E-4EEF-9F68-127BFFFF61CC}.Release|ARM.Deploy.0 = Release|ARM
		{AA791A5F-CA9E-4EEF-9F68-127BFFFF61CC}.Release|ARM64.ActiveCfg = Release|ARM64
		{AA791A5F-CA9E-4EEF-9F68-127BFFFF61CC}.Release|ARM64.Build.0 = Release|ARM64
		{AA791A5F-CA9E-4EEF-9F68-127BFFFF61CC}.Release|ARM64.Deploy.0 = Release|ARM64
		{AA791A5F-CA9E-4EEF-9F68-127BFFFF61CC}.Release|x64.ActiveCfg = Release|x64
		{AA791A5F-CA9E-4EEF-9F68-127BFFFF61CC}.Release|x64.Build.0 = Release|x64
		{AA791A5F-CA9E-4EEF-9F68-127BFFFF61CC}.Release|x64.Deploy.0 = Release|x64
		{AA791A5F-CA9E-4EEF-9F68-127BFFFF61CC}.Release|x86.ActiveCfg = Release|x86
		{AA791A5F-CA9E-4EEF-9F68-127BFFFF61CC}.Release|x86.Build.0 = Release|x86
		{AA791A5F-CA9E-4EEF-9F68-127BFFFF61CC}.Release|x86.Deploy.0 = Release|x86
	EndGlobalSection
	GlobalSection(SolutionProperties) = preSolution
		HideSolutionNode = FALSE
	EndGlobalSection
	GlobalSection(ExtensibilityGlobals) = postSolution
		SolutionGuid = {A4EBD1A0-C295-45A4-8B00-69087C5A3435}
	EndGlobalSection
EndGlobal
